lockfileVersion: '6.0'

settings:
  autoInstallPeers: true
  excludeLinksFromLockfile: false

devDependencies:
  prettier-plugin-prisma:
    specifier: ^5.0.0
    version: 5.0.0(prettier@3.1.1)
  prisma:
    specifier: ^5.7.0
    version: 5.7.0

packages:

  /@prisma/debug@5.7.0:
    resolution: {integrity: sha512-tZ+MOjWlVvz1kOEhNYMa4QUGURY+kgOUBqLHYIV8jmCsMuvA1tWcn7qtIMLzYWCbDcQT4ZS8xDgK0R2gl6/0wA==}
    dev: true

  /@prisma/engines-version@5.7.0-41.79fb5193cf0a8fdbef536e4b4a159cad677ab1b9:
    resolution: {integrity: sha512-V6tgRVi62jRwTm0Hglky3Scwjr/AKFBFtS+MdbsBr7UOuiu1TKLPc6xfPiyEN1+bYqjEtjxwGsHgahcJsd1rNg==}
    dev: true

  /@prisma/engines@5.7.0:
    resolution: {integrity: sha512-TkOMgMm60n5YgEKPn9erIvFX2/QuWnl3GBo6yTRyZKk5O5KQertXiNnrYgSLy0SpsKmhovEPQb+D4l0SzyE7XA==}
    requiresBuild: true
    dependencies:
      '@prisma/debug': 5.7.0
      '@prisma/engines-version': 5.7.0-41.79fb5193cf0a8fdbef536e4b4a159cad677ab1b9
      '@prisma/fetch-engine': 5.7.0
      '@prisma/get-platform': 5.7.0
    dev: true

  /@prisma/fetch-engine@5.7.0:
    resolution: {integrity: sha512-zIn/qmO+N/3FYe7/L9o+yZseIU8ivh4NdPKSkQRIHfg2QVTVMnbhGoTcecbxfVubeTp+DjcbjS0H9fCuM4W04w==}
    dependencies:
      '@prisma/debug': 5.7.0
      '@prisma/engines-version': 5.7.0-41.79fb5193cf0a8fdbef536e4b4a159cad677ab1b9
      '@prisma/get-platform': 5.7.0
    dev: true

  /@prisma/get-platform@5.7.0:
    resolution: {integrity: sha512-ZeV/Op4bZsWXuw5Tg05WwRI8BlKiRFhsixPcAM+5BKYSiUZiMKIi713tfT3drBq8+T0E1arNZgYSA9QYcglWNA==}
    dependencies:
      '@prisma/debug': 5.7.0
    dev: true

  /@prisma/prisma-schema-wasm@4.17.0-26.6b0aef69b7cdfc787f822ecd7cdc76d5f1991584:
    resolution: {integrity: sha512-JFdsnSgBPN8reDTLOI9Vh/6ccCb2aD1LbY/LWQnkcIgNo6IdpzvuM+qRVbBuA6IZP2SdqQI8Lu6RL2P8EFBQUA==}
    dev: true

  /prettier-plugin-prisma@5.0.0(prettier@3.1.1):
    resolution: {integrity: sha512-jTJV04D9+yF7ziOOMs7CJe4ijgAH7DEGjt0SAWAToGNRy1H6BEhvcKA2UQH6gC6KVW5zeeOSAvsoiDDTt9oKXg==}
    engines: {node: '>=14', npm: '>=8'}
    peerDependencies:
      prettier: '>=2 || >=3'
    dependencies:
      '@prisma/prisma-schema-wasm': 4.17.0-26.6b0aef69b7cdfc787f822ecd7cdc76d5f1991584
      prettier: 3.1.1
    dev: true

  /prettier@3.1.1:
    resolution: {integrity: sha512-22UbSzg8luF4UuZtzgiUOfcGM8s4tjBv6dJRT7j275NXsy2jb4aJa4NNveul5x4eqlF1wuhuR2RElK71RvmVaw==}
    engines: {node: '>=14'}
    hasBin: true
    dev: true

  /prisma@5.7.0:
    resolution: {integrity: sha512-0rcfXO2ErmGAtxnuTNHQT9ztL0zZheQjOI/VNJzdq87C3TlGPQtMqtM+KCwU6XtmkoEr7vbCQqA7HF9IY0ST+Q==}
    engines: {node: '>=16.13'}
    hasBin: true
    requiresBuild: true
    dependencies:
      '@prisma/engines': 5.7.0
    dev: true
