lockfileVersion: '6.0'

settings:
  autoInstallPeers: true
  excludeLinksFromLockfile: false

devDependencies:
  prettier-plugin-prisma:
    specifier: ^5.0.0
    version: 5.0.0(prettier@3.1.1)

packages:

  /@prisma/prisma-schema-wasm@4.17.0-26.6b0aef69b7cdfc787f822ecd7cdc76d5f1991584:
    resolution: {integrity: sha512-JFdsnSgBPN8reDTLOI9Vh/6ccCb2aD1LbY/LWQnkcIgNo6IdpzvuM+qRVbBuA6IZP2SdqQI8Lu6RL2P8EFBQUA==}
    dev: true

  /prettier-plugin-prisma@5.0.0(prettier@3.1.1):
    resolution: {integrity: sha512-jTJV04D9+yF7ziOOMs7CJe4ijgAH7DEGjt0SAWAToGNRy1H6BEhvcKA2UQH6gC6KVW5zeeOSAvsoiDDTt9oKXg==}
    engines: {node: '>=14', npm: '>=8'}
    peerDependencies:
      prettier: '>=2 || >=3'
    dependencies:
      '@prisma/prisma-schema-wasm': 4.17.0-26.6b0aef69b7cdfc787f822ecd7cdc76d5f1991584
      prettier: 3.1.1
    dev: true

  /prettier@3.1.1:
    resolution: {integrity: sha512-22UbSzg8luF4UuZtzgiUOfcGM8s4tjBv6dJRT7j275NXsy2jb4aJa4NNveul5x4eqlF1wuhuR2RElK71RvmVaw==}
    engines: {node: '>=14'}
    hasBin: true
    dev: true
